
Microsoft Visual Studio Solution File, Format Version 12.00
# Visual Studio Version 16
VisualStudioVersion = 16.0.29709.97
MinimumVisualStudioVersion = 10.0.40219.1
Project("{FAE04EC0-301F-11D3-BF4B-00C04F79EFBC}") = "BasicCrud", "BasicCrud\BasicCrud.csproj", "{B92954D0-E339-4238-9EAB-37107173DE98}"
EndProject
Global
	GlobalSection(SolutionConfigurationPlatforms) = preSolution
		Debug|Any CPU = Debug|Any CPU
		Release|Any CPU = Release|Any CPU
	EndGlobalSection
	GlobalSection(ProjectConfigurationPlatforms) = postSolution
		{B92954D0-E339-4238-9EAB-37107173DE98}.Debug|Any CPU.ActiveCfg = Debug|Any CPU
		{B92954D0-E339-4238-9EAB-37107173DE98}.Debug|Any CPU.Build.0 = Debug|Any CPU
		{B92954D0-E339-4238-9EAB-37107173DE98}.Release|Any CPU.ActiveCfg = Release|Any CPU
		{B92954D0-E339-4238-9EAB-37107173DE98}.Release|Any CPU.Build.0 = Release|Any CPU
	EndGlobalSection
	GlobalSection(SolutionProperties) = preSolution
		HideSolutionNode = FALSE
	EndGlobalSection
	GlobalSection(ExtensibilityGlobals) = postSolution
		SolutionGuid = {3B6F860E-1F81-48FB-B501-70629EB5A81A}
	EndGlobalSection
EndGlobal
